
Microsoft Visual Studio Solution File, Format Version 12.00
# Visual Studio 15
VisualStudioVersion = 15.0.27130.2010
MinimumVisualStudioVersion = 10.0.40219.1
Project("{2150E333-8FDC-42A3-9474-1A3956D46DE8}") = "Tests", "Tests", "{2CE66F97-5B89-401D-AEE5-BF2228760097}"
EndProject
Project("{2150E333-8FDC-42A3-9474-1A3956D46DE8}") = "Framework", "Framework", "{38C873E2-88C6-435A-89B3-A3EBD5D4D171}"
EndProject
Project("{9A19103F-16F7-4668-BE54-9A1E7A4F7556}") = "TIKSN.Core", "TIKSN.Core\TIKSN.Core.csproj", "{D1ECB169-BB57-4751-AECA-415E078E5996}"
EndProject
Project("{FAE04EC0-301F-11D3-BF4B-00C04F79EFBC}") = "TIKSN.Framework.Full", "TIKSN.Framework.Full\TIKSN.Framework.Full.csproj", "{786B1846-C0A1-46D8-8E17-47CF5CBB0D0D}"
EndProject
Project("{FAE04EC0-301F-11D3-BF4B-00C04F79EFBC}") = "TIKSN.Framework.UWP", "TIKSN.Framework.UWP\TIKSN.Framework.UWP.csproj", "{3D7B87C7-B00C-4691-9BBD-F5836011345A}"
EndProject
Project("{FAE04EC0-301F-11D3-BF4B-00C04F79EFBC}") = "TIKSN.Framework.Tests", "TIKSN.Framework.Tests\TIKSN.Framework.Tests.csproj", "{0413E49E-9396-4A37-8222-3636285B13A4}"
EndProject
Project("{FAE04EC0-301F-11D3-BF4B-00C04F79EFBC}") = "UnitTestRunner.UWP", "UnitTestRunner.UWP\UnitTestRunner.UWP.csproj", "{D906ABE6-13F2-4AB0-BDE2-E63F77CF54E9}"
EndProject
Project("{9A19103F-16F7-4668-BE54-9A1E7A4F7556}") = "UnitTests", "UnitTests\UnitTests.csproj", "{70DD4C39-7D1D-4DD3-87D5-059842A27C20}"
EndProject
Project("{FAE04EC0-301F-11D3-BF4B-00C04F79EFBC}") = "TIKSN.Framework.Android", "TIKSN.Framework.Android\TIKSN.Framework.Android.csproj", "{572734F9-E631-44AB-91F0-54735B50D91B}"
EndProject
Project("{9A19103F-16F7-4668-BE54-9A1E7A4F7556}") = "TIKSN.Framework.Core", "TIKSN.Framework.Core\TIKSN.Framework.Core.csproj", "{ED598E91-6D8E-4132-A73D-A1A9A402F395}"
EndProject
Project("{D954291E-2A0B-460D-934E-DC6B0785DB48}") = "TIKSN.Framework.SharedMobile", "TIKSN.Framework.SharedMobile\TIKSN.Framework.SharedMobile.shproj", "{7A9B69CB-8ABF-4474-A85A-11D5D9F3D005}"
EndProject
Project("{D954291E-2A0B-460D-934E-DC6B0785DB48}") = "TIKSN.Framework.Platform", "TIKSN.Framework.Platform\TIKSN.Framework.Platform.shproj", "{B067DD13-E17B-45CC-8B35-D34A1876E0FE}"
EndProject
Project("{2150E333-8FDC-42A3-9474-1A3956D46DE8}") = "Solution Items", "Solution Items", "{2278829B-1466-45C6-862F-FF38DFF07A24}"
	ProjectSection(SolutionItems) = preProject
		.editorconfig = .editorconfig
		SharedAssemblyInfo.cs = SharedAssemblyInfo.cs
	EndProjectSection
EndProject
Project("{9A19103F-16F7-4668-BE54-9A1E7A4F7556}") = "TIKSN.LanguageLocalization", "TIKSN.LanguageLocalization\TIKSN.LanguageLocalization.csproj", "{974DB7C5-CE2D-4232-B781-CFCBB1F7784F}"
EndProject
Project("{9A19103F-16F7-4668-BE54-9A1E7A4F7556}") = "TIKSN.RegionLocalization", "TIKSN.RegionLocalization\TIKSN.RegionLocalization.csproj", "{9D8726CC-AC22-4597-90DB-A2809E22500C}"
EndProject
Project("{FAE04EC0-301F-11D3-BF4B-00C04F79EFBC}") = "UnitTestRunner.Android", "UnitTestRunner.Android\UnitTestRunner.Android.csproj", "{E1ACF720-CBB6-4193-8AA8-EAA32A920B8A}"
EndProject
Project("{D954291E-2A0B-460D-934E-DC6B0785DB48}") = "TIKSN.Framework.SharedDesktop", "TIKSN.Framework.SharedDesktop\TIKSN.Framework.SharedDesktop.shproj", "{89AF82F5-824B-4EA5-ACD9-8E7974BADDC4}"
EndProject
Project("{D954291E-2A0B-460D-934E-DC6B0785DB48}") = "TIKSN.Framework.PowerShell", "TIKSN.Framework.PowerShell\TIKSN.Framework.PowerShell.shproj", "{5BD04793-B538-448D-BC23-886198037B74}"
EndProject
Global
	GlobalSection(SharedMSBuildProjectFiles) = preSolution
		TIKSN.Framework.Platform\TIKSN.Framework.Platform.projitems*{3d7b87c7-b00c-4691-9bbd-f5836011345a}*SharedItemsImports = 4
		TIKSN.Framework.SharedMobile\TIKSN.Framework.SharedMobile.projitems*{3d7b87c7-b00c-4691-9bbd-f5836011345a}*SharedItemsImports = 4
		TIKSN.Framework.Platform\TIKSN.Framework.Platform.projitems*{572734f9-e631-44ab-91f0-54735b50d91b}*SharedItemsImports = 4
		TIKSN.Framework.SharedMobile\TIKSN.Framework.SharedMobile.projitems*{572734f9-e631-44ab-91f0-54735b50d91b}*SharedItemsImports = 4
		TIKSN.Framework.PowerShell\TIKSN.Framework.PowerShell.projitems*{5bd04793-b538-448d-bc23-886198037b74}*SharedItemsImports = 13
		TIKSN.Framework.Platform\TIKSN.Framework.Platform.projitems*{786b1846-c0a1-46d8-8e17-47cf5cbb0d0d}*SharedItemsImports = 4
		TIKSN.Framework.PowerShell\TIKSN.Framework.PowerShell.projitems*{786b1846-c0a1-46d8-8e17-47cf5cbb0d0d}*SharedItemsImports = 4
		TIKSN.Framework.SharedDesktop\TIKSN.Framework.SharedDesktop.projitems*{786b1846-c0a1-46d8-8e17-47cf5cbb0d0d}*SharedItemsImports = 4
		TIKSN.Framework.SharedMobile\TIKSN.Framework.SharedMobile.projitems*{7a9b69cb-8abf-4474-a85a-11d5d9f3d005}*SharedItemsImports = 13
		TIKSN.Framework.SharedDesktop\TIKSN.Framework.SharedDesktop.projitems*{89af82f5-824b-4ea5-acd9-8e7974baddc4}*SharedItemsImports = 13
		TIKSN.Framework.Platform\TIKSN.Framework.Platform.projitems*{b067dd13-e17b-45cc-8b35-d34a1876e0fe}*SharedItemsImports = 13
	EndGlobalSection
	GlobalSection(SolutionConfigurationPlatforms) = preSolution
		Debug|Any CPU = Debug|Any CPU
		Debug|ARM = Debug|ARM
		Debug|x64 = Debug|x64
		Debug|x86 = Debug|x86
		Release|Any CPU = Release|Any CPU
		Release|ARM = Release|ARM
		Release|x64 = Release|x64
		Release|x86 = Release|x86
	EndGlobalSection
	GlobalSection(ProjectConfigurationPlatforms) = postSolution
		{D1ECB169-BB57-4751-AECA-415E078E5996}.Debug|Any CPU.ActiveCfg = Debug|Any CPU
		{D1ECB169-BB57-4751-AECA-415E078E5996}.Debug|Any CPU.Build.0 = Debug|Any CPU
		{D1ECB169-BB57-4751-AECA-415E078E5996}.Debug|ARM.ActiveCfg = Debug|Any CPU
		{D1ECB169-BB57-4751-AECA-415E078E5996}.Debug|ARM.Build.0 = Debug|Any CPU
		{D1ECB169-BB57-4751-AECA-415E078E5996}.Debug|x64.ActiveCfg = Debug|Any CPU
		{D1ECB169-BB57-4751-AECA-415E078E5996}.Debug|x64.Build.0 = Debug|Any CPU
		{D1ECB169-BB57-4751-AECA-415E078E5996}.Debug|x86.ActiveCfg = Debug|Any CPU
		{D1ECB169-BB57-4751-AECA-415E078E5996}.Debug|x86.Build.0 = Debug|Any CPU
		{D1ECB169-BB57-4751-AECA-415E078E5996}.Release|Any CPU.ActiveCfg = Release|Any CPU
		{D1ECB169-BB57-4751-AECA-415E078E5996}.Release|Any CPU.Build.0 = Release|Any CPU
		{D1ECB169-BB57-4751-AECA-415E078E5996}.Release|ARM.ActiveCfg = Release|Any CPU
		{D1ECB169-BB57-4751-AECA-415E078E5996}.Release|ARM.Build.0 = Release|Any CPU
		{D1ECB169-BB57-4751-AECA-415E078E5996}.Release|x64.ActiveCfg = Release|Any CPU
		{D1ECB169-BB57-4751-AECA-415E078E5996}.Release|x64.Build.0 = Release|Any CPU
		{D1ECB169-BB57-4751-AECA-415E078E5996}.Release|x86.ActiveCfg = Release|Any CPU
		{D1ECB169-BB57-4751-AECA-415E078E5996}.Release|x86.Build.0 = Release|Any CPU
		{786B1846-C0A1-46D8-8E17-47CF5CBB0D0D}.Debug|Any CPU.ActiveCfg = Debug|Any CPU
		{786B1846-C0A1-46D8-8E17-47CF5CBB0D0D}.Debug|Any CPU.Build.0 = Debug|Any CPU
		{786B1846-C0A1-46D8-8E17-47CF5CBB0D0D}.Debug|ARM.ActiveCfg = Debug|Any CPU
		{786B1846-C0A1-46D8-8E17-47CF5CBB0D0D}.Debug|ARM.Build.0 = Debug|Any CPU
		{786B1846-C0A1-46D8-8E17-47CF5CBB0D0D}.Debug|x64.ActiveCfg = Debug|Any CPU
		{786B1846-C0A1-46D8-8E17-47CF5CBB0D0D}.Debug|x64.Build.0 = Debug|Any CPU
		{786B1846-C0A1-46D8-8E17-47CF5CBB0D0D}.Debug|x86.ActiveCfg = Debug|Any CPU
		{786B1846-C0A1-46D8-8E17-47CF5CBB0D0D}.Debug|x86.Build.0 = Debug|Any CPU
		{786B1846-C0A1-46D8-8E17-47CF5CBB0D0D}.Release|Any CPU.ActiveCfg = Release|Any CPU
		{786B1846-C0A1-46D8-8E17-47CF5CBB0D0D}.Release|Any CPU.Build.0 = Release|Any CPU
		{786B1846-C0A1-46D8-8E17-47CF5CBB0D0D}.Release|ARM.ActiveCfg = Release|Any CPU
		{786B1846-C0A1-46D8-8E17-47CF5CBB0D0D}.Release|ARM.Build.0 = Release|Any CPU
		{786B1846-C0A1-46D8-8E17-47CF5CBB0D0D}.Release|x64.ActiveCfg = Release|Any CPU
		{786B1846-C0A1-46D8-8E17-47CF5CBB0D0D}.Release|x64.Build.0 = Release|Any CPU
		{786B1846-C0A1-46D8-8E17-47CF5CBB0D0D}.Release|x86.ActiveCfg = Release|Any CPU
		{786B1846-C0A1-46D8-8E17-47CF5CBB0D0D}.Release|x86.Build.0 = Release|Any CPU
		{3D7B87C7-B00C-4691-9BBD-F5836011345A}.Debug|Any CPU.ActiveCfg = Debug|x64
		{3D7B87C7-B00C-4691-9BBD-F5836011345A}.Debug|Any CPU.Build.0 = Debug|x64
		{3D7B87C7-B00C-4691-9BBD-F5836011345A}.Debug|ARM.ActiveCfg = Debug|ARM
		{3D7B87C7-B00C-4691-9BBD-F5836011345A}.Debug|ARM.Build.0 = Debug|ARM
		{3D7B87C7-B00C-4691-9BBD-F5836011345A}.Debug|x64.ActiveCfg = Debug|x64
		{3D7B87C7-B00C-4691-9BBD-F5836011345A}.Debug|x64.Build.0 = Debug|x64
		{3D7B87C7-B00C-4691-9BBD-F5836011345A}.Debug|x86.ActiveCfg = Debug|x86
		{3D7B87C7-B00C-4691-9BBD-F5836011345A}.Debug|x86.Build.0 = Debug|x86
		{3D7B87C7-B00C-4691-9BBD-F5836011345A}.Release|Any CPU.ActiveCfg = Release|x64
		{3D7B87C7-B00C-4691-9BBD-F5836011345A}.Release|Any CPU.Build.0 = Release|x64
		{3D7B87C7-B00C-4691-9BBD-F5836011345A}.Release|ARM.ActiveCfg = Release|ARM
		{3D7B87C7-B00C-4691-9BBD-F5836011345A}.Release|ARM.Build.0 = Release|ARM
		{3D7B87C7-B00C-4691-9BBD-F5836011345A}.Release|x64.ActiveCfg = Release|x64
		{3D7B87C7-B00C-4691-9BBD-F5836011345A}.Release|x64.Build.0 = Release|x64
		{3D7B87C7-B00C-4691-9BBD-F5836011345A}.Release|x86.ActiveCfg = Release|x86
		{3D7B87C7-B00C-4691-9BBD-F5836011345A}.Release|x86.Build.0 = Release|x86
		{0413E49E-9396-4A37-8222-3636285B13A4}.Debug|Any CPU.ActiveCfg = Debug|Any CPU
		{0413E49E-9396-4A37-8222-3636285B13A4}.Debug|Any CPU.Build.0 = Debug|Any CPU
		{0413E49E-9396-4A37-8222-3636285B13A4}.Debug|ARM.ActiveCfg = Debug|Any CPU
		{0413E49E-9396-4A37-8222-3636285B13A4}.Debug|ARM.Build.0 = Debug|Any CPU
		{0413E49E-9396-4A37-8222-3636285B13A4}.Debug|x64.ActiveCfg = Debug|Any CPU
		{0413E49E-9396-4A37-8222-3636285B13A4}.Debug|x64.Build.0 = Debug|Any CPU
		{0413E49E-9396-4A37-8222-3636285B13A4}.Debug|x86.ActiveCfg = Debug|Any CPU
		{0413E49E-9396-4A37-8222-3636285B13A4}.Debug|x86.Build.0 = Debug|Any CPU
		{0413E49E-9396-4A37-8222-3636285B13A4}.Release|Any CPU.ActiveCfg = Release|Any CPU
		{0413E49E-9396-4A37-8222-3636285B13A4}.Release|Any CPU.Build.0 = Release|Any CPU
		{0413E49E-9396-4A37-8222-3636285B13A4}.Release|ARM.ActiveCfg = Release|Any CPU
		{0413E49E-9396-4A37-8222-3636285B13A4}.Release|ARM.Build.0 = Release|Any CPU
		{0413E49E-9396-4A37-8222-3636285B13A4}.Release|x64.ActiveCfg = Release|Any CPU
		{0413E49E-9396-4A37-8222-3636285B13A4}.Release|x64.Build.0 = Release|Any CPU
		{0413E49E-9396-4A37-8222-3636285B13A4}.Release|x86.ActiveCfg = Release|Any CPU
		{0413E49E-9396-4A37-8222-3636285B13A4}.Release|x86.Build.0 = Release|Any CPU
		{D906ABE6-13F2-4AB0-BDE2-E63F77CF54E9}.Debug|Any CPU.ActiveCfg = Debug|x64
		{D906ABE6-13F2-4AB0-BDE2-E63F77CF54E9}.Debug|Any CPU.Build.0 = Debug|x64
		{D906ABE6-13F2-4AB0-BDE2-E63F77CF54E9}.Debug|Any CPU.Deploy.0 = Debug|x64
		{D906ABE6-13F2-4AB0-BDE2-E63F77CF54E9}.Debug|ARM.ActiveCfg = Debug|ARM
		{D906ABE6-13F2-4AB0-BDE2-E63F77CF54E9}.Debug|ARM.Build.0 = Debug|ARM
		{D906ABE6-13F2-4AB0-BDE2-E63F77CF54E9}.Debug|ARM.Deploy.0 = Debug|ARM
		{D906ABE6-13F2-4AB0-BDE2-E63F77CF54E9}.Debug|x64.ActiveCfg = Debug|x64
		{D906ABE6-13F2-4AB0-BDE2-E63F77CF54E9}.Debug|x64.Build.0 = Debug|x64
		{D906ABE6-13F2-4AB0-BDE2-E63F77CF54E9}.Debug|x64.Deploy.0 = Debug|x64
		{D906ABE6-13F2-4AB0-BDE2-E63F77CF54E9}.Debug|x86.ActiveCfg = Debug|x86
		{D906ABE6-13F2-4AB0-BDE2-E63F77CF54E9}.Debug|x86.Build.0 = Debug|x86
		{D906ABE6-13F2-4AB0-BDE2-E63F77CF54E9}.Debug|x86.Deploy.0 = Debug|x86
		{D906ABE6-13F2-4AB0-BDE2-E63F77CF54E9}.Release|Any CPU.ActiveCfg = Release|x64
		{D906ABE6-13F2-4AB0-BDE2-E63F77CF54E9}.Release|ARM.ActiveCfg = Release|ARM
		{D906ABE6-13F2-4AB0-BDE2-E63F77CF54E9}.Release|ARM.Build.0 = Release|ARM
		{D906ABE6-13F2-4AB0-BDE2-E63F77CF54E9}.Release|ARM.Deploy.0 = Release|ARM
		{D906ABE6-13F2-4AB0-BDE2-E63F77CF54E9}.Release|x64.ActiveCfg = Release|x64
		{D906ABE6-13F2-4AB0-BDE2-E63F77CF54E9}.Release|x64.Build.0 = Release|x64
		{D906ABE6-13F2-4AB0-BDE2-E63F77CF54E9}.Release|x64.Deploy.0 = Release|x64
		{D906ABE6-13F2-4AB0-BDE2-E63F77CF54E9}.Release|x86.ActiveCfg = Release|x86
		{D906ABE6-13F2-4AB0-BDE2-E63F77CF54E9}.Release|x86.Build.0 = Release|x86
		{D906ABE6-13F2-4AB0-BDE2-E63F77CF54E9}.Release|x86.Deploy.0 = Release|x86
		{70DD4C39-7D1D-4DD3-87D5-059842A27C20}.Debug|Any CPU.ActiveCfg = Debug|Any CPU
		{70DD4C39-7D1D-4DD3-87D5-059842A27C20}.Debug|Any CPU.Build.0 = Debug|Any CPU
		{70DD4C39-7D1D-4DD3-87D5-059842A27C20}.Debug|ARM.ActiveCfg = Debug|Any CPU
		{70DD4C39-7D1D-4DD3-87D5-059842A27C20}.Debug|ARM.Build.0 = Debug|Any CPU
		{70DD4C39-7D1D-4DD3-87D5-059842A27C20}.Debug|x64.ActiveCfg = Debug|Any CPU
		{70DD4C39-7D1D-4DD3-87D5-059842A27C20}.Debug|x64.Build.0 = Debug|Any CPU
		{70DD4C39-7D1D-4DD3-87D5-059842A27C20}.Debug|x86.ActiveCfg = Debug|Any CPU
		{70DD4C39-7D1D-4DD3-87D5-059842A27C20}.Debug|x86.Build.0 = Debug|Any CPU
		{70DD4C39-7D1D-4DD3-87D5-059842A27C20}.Release|Any CPU.ActiveCfg = Release|Any CPU
		{70DD4C39-7D1D-4DD3-87D5-059842A27C20}.Release|Any CPU.Build.0 = Release|Any CPU
		{70DD4C39-7D1D-4DD3-87D5-059842A27C20}.Release|ARM.ActiveCfg = Release|Any CPU
		{70DD4C39-7D1D-4DD3-87D5-059842A27C20}.Release|ARM.Build.0 = Release|Any CPU
		{70DD4C39-7D1D-4DD3-87D5-059842A27C20}.Release|x64.ActiveCfg = Release|Any CPU
		{70DD4C39-7D1D-4DD3-87D5-059842A27C20}.Release|x64.Build.0 = Release|Any CPU
		{70DD4C39-7D1D-4DD3-87D5-059842A27C20}.Release|x86.ActiveCfg = Release|Any CPU
		{70DD4C39-7D1D-4DD3-87D5-059842A27C20}.Release|x86.Build.0 = Release|Any CPU
		{572734F9-E631-44AB-91F0-54735B50D91B}.Debug|Any CPU.ActiveCfg = Debug|Any CPU
		{572734F9-E631-44AB-91F0-54735B50D91B}.Debug|Any CPU.Build.0 = Debug|Any CPU
		{572734F9-E631-44AB-91F0-54735B50D91B}.Debug|ARM.ActiveCfg = Debug|Any CPU
		{572734F9-E631-44AB-91F0-54735B50D91B}.Debug|ARM.Build.0 = Debug|Any CPU
		{572734F9-E631-44AB-91F0-54735B50D91B}.Debug|x64.ActiveCfg = Debug|Any CPU
		{572734F9-E631-44AB-91F0-54735B50D91B}.Debug|x64.Build.0 = Debug|Any CPU
		{572734F9-E631-44AB-91F0-54735B50D91B}.Debug|x86.ActiveCfg = Debug|Any CPU
		{572734F9-E631-44AB-91F0-54735B50D91B}.Debug|x86.Build.0 = Debug|Any CPU
		{572734F9-E631-44AB-91F0-54735B50D91B}.Release|Any CPU.ActiveCfg = Release|Any CPU
		{572734F9-E631-44AB-91F0-54735B50D91B}.Release|Any CPU.Build.0 = Release|Any CPU
		{572734F9-E631-44AB-91F0-54735B50D91B}.Release|ARM.ActiveCfg = Release|Any CPU
		{572734F9-E631-44AB-91F0-54735B50D91B}.Release|ARM.Build.0 = Release|Any CPU
		{572734F9-E631-44AB-91F0-54735B50D91B}.Release|x64.ActiveCfg = Release|Any CPU
		{572734F9-E631-44AB-91F0-54735B50D91B}.Release|x64.Build.0 = Release|Any CPU
		{572734F9-E631-44AB-91F0-54735B50D91B}.Release|x86.ActiveCfg = Release|Any CPU
		{572734F9-E631-44AB-91F0-54735B50D91B}.Release|x86.Build.0 = Release|Any CPU
		{ED598E91-6D8E-4132-A73D-A1A9A402F395}.Debug|Any CPU.ActiveCfg = Debug|Any CPU
		{ED598E91-6D8E-4132-A73D-A1A9A402F395}.Debug|Any CPU.Build.0 = Debug|Any CPU
		{ED598E91-6D8E-4132-A73D-A1A9A402F395}.Debug|ARM.ActiveCfg = Debug|Any CPU
		{ED598E91-6D8E-4132-A73D-A1A9A402F395}.Debug|ARM.Build.0 = Debug|Any CPU
		{ED598E91-6D8E-4132-A73D-A1A9A402F395}.Debug|x64.ActiveCfg = Debug|Any CPU
		{ED598E91-6D8E-4132-A73D-A1A9A402F395}.Debug|x64.Build.0 = Debug|Any CPU
		{ED598E91-6D8E-4132-A73D-A1A9A402F395}.Debug|x86.ActiveCfg = Debug|Any CPU
		{ED598E91-6D8E-4132-A73D-A1A9A402F395}.Debug|x86.Build.0 = Debug|Any CPU
		{ED598E91-6D8E-4132-A73D-A1A9A402F395}.Release|Any CPU.ActiveCfg = Release|Any CPU
		{ED598E91-6D8E-4132-A73D-A1A9A402F395}.Release|Any CPU.Build.0 = Release|Any CPU
		{ED598E91-6D8E-4132-A73D-A1A9A402F395}.Release|ARM.ActiveCfg = Release|Any CPU
		{ED598E91-6D8E-4132-A73D-A1A9A402F395}.Release|ARM.Build.0 = Release|Any CPU
		{ED598E91-6D8E-4132-A73D-A1A9A402F395}.Release|x64.ActiveCfg = Release|Any CPU
		{ED598E91-6D8E-4132-A73D-A1A9A402F395}.Release|x64.Build.0 = Release|Any CPU
		{ED598E91-6D8E-4132-A73D-A1A9A402F395}.Release|x86.ActiveCfg = Release|Any CPU
		{ED598E91-6D8E-4132-A73D-A1A9A402F395}.Release|x86.Build.0 = Release|Any CPU
		{974DB7C5-CE2D-4232-B781-CFCBB1F7784F}.Debug|Any CPU.ActiveCfg = Debug|Any CPU
		{974DB7C5-CE2D-4232-B781-CFCBB1F7784F}.Debug|Any CPU.Build.0 = Debug|Any CPU
		{974DB7C5-CE2D-4232-B781-CFCBB1F7784F}.Debug|ARM.ActiveCfg = Debug|Any CPU
		{974DB7C5-CE2D-4232-B781-CFCBB1F7784F}.Debug|ARM.Build.0 = Debug|Any CPU
		{974DB7C5-CE2D-4232-B781-CFCBB1F7784F}.Debug|x64.ActiveCfg = Debug|Any CPU
		{974DB7C5-CE2D-4232-B781-CFCBB1F7784F}.Debug|x64.Build.0 = Debug|Any CPU
		{974DB7C5-CE2D-4232-B781-CFCBB1F7784F}.Debug|x86.ActiveCfg = Debug|Any CPU
		{974DB7C5-CE2D-4232-B781-CFCBB1F7784F}.Debug|x86.Build.0 = Debug|Any CPU
		{974DB7C5-CE2D-4232-B781-CFCBB1F7784F}.Release|Any CPU.ActiveCfg = Release|Any CPU
		{974DB7C5-CE2D-4232-B781-CFCBB1F7784F}.Release|Any CPU.Build.0 = Release|Any CPU
		{974DB7C5-CE2D-4232-B781-CFCBB1F7784F}.Release|ARM.ActiveCfg = Release|Any CPU
		{974DB7C5-CE2D-4232-B781-CFCBB1F7784F}.Release|ARM.Build.0 = Release|Any CPU
		{974DB7C5-CE2D-4232-B781-CFCBB1F7784F}.Release|x64.ActiveCfg = Release|Any CPU
		{974DB7C5-CE2D-4232-B781-CFCBB1F7784F}.Release|x64.Build.0 = Release|Any CPU
		{974DB7C5-CE2D-4232-B781-CFCBB1F7784F}.Release|x86.ActiveCfg = Release|Any CPU
		{974DB7C5-CE2D-4232-B781-CFCBB1F7784F}.Release|x86.Build.0 = Release|Any CPU
		{9D8726CC-AC22-4597-90DB-A2809E22500C}.Debug|Any CPU.ActiveCfg = Debug|Any CPU
		{9D8726CC-AC22-4597-90DB-A2809E22500C}.Debug|Any CPU.Build.0 = Debug|Any CPU
		{9D8726CC-AC22-4597-90DB-A2809E22500C}.Debug|ARM.ActiveCfg = Debug|Any CPU
		{9D8726CC-AC22-4597-90DB-A2809E22500C}.Debug|ARM.Build.0 = Debug|Any CPU
		{9D8726CC-AC22-4597-90DB-A2809E22500C}.Debug|x64.ActiveCfg = Debug|Any CPU
		{9D8726CC-AC22-4597-90DB-A2809E22500C}.Debug|x64.Build.0 = Debug|Any CPU
		{9D8726CC-AC22-4597-90DB-A2809E22500C}.Debug|x86.ActiveCfg = Debug|Any CPU
		{9D8726CC-AC22-4597-90DB-A2809E22500C}.Debug|x86.Build.0 = Debug|Any CPU
		{9D8726CC-AC22-4597-90DB-A2809E22500C}.Release|Any CPU.ActiveCfg = Release|Any CPU
		{9D8726CC-AC22-4597-90DB-A2809E22500C}.Release|Any CPU.Build.0 = Release|Any CPU
		{9D8726CC-AC22-4597-90DB-A2809E22500C}.Release|ARM.ActiveCfg = Release|Any CPU
		{9D8726CC-AC22-4597-90DB-A2809E22500C}.Release|ARM.Build.0 = Release|Any CPU
		{9D8726CC-AC22-4597-90DB-A2809E22500C}.Release|x64.ActiveCfg = Release|Any CPU
		{9D8726CC-AC22-4597-90DB-A2809E22500C}.Release|x64.Build.0 = Release|Any CPU
		{9D8726CC-AC22-4597-90DB-A2809E22500C}.Release|x86.ActiveCfg = Release|Any CPU
		{9D8726CC-AC22-4597-90DB-A2809E22500C}.Release|x86.Build.0 = Release|Any CPU
		{E1ACF720-CBB6-4193-8AA8-EAA32A920B8A}.Debug|Any CPU.ActiveCfg = Debug|Any CPU
		{E1ACF720-CBB6-4193-8AA8-EAA32A920B8A}.Debug|Any CPU.Build.0 = Debug|Any CPU
		{E1ACF720-CBB6-4193-8AA8-EAA32A920B8A}.Debug|Any CPU.Deploy.0 = Debug|Any CPU
		{E1ACF720-CBB6-4193-8AA8-EAA32A920B8A}.Debug|ARM.ActiveCfg = Debug|Any CPU
		{E1ACF720-CBB6-4193-8AA8-EAA32A920B8A}.Debug|ARM.Build.0 = Debug|Any CPU
		{E1ACF720-CBB6-4193-8AA8-EAA32A920B8A}.Debug|ARM.Deploy.0 = Debug|Any CPU
		{E1ACF720-CBB6-4193-8AA8-EAA32A920B8A}.Debug|x64.ActiveCfg = Debug|Any CPU
		{E1ACF720-CBB6-4193-8AA8-EAA32A920B8A}.Debug|x64.Build.0 = Debug|Any CPU
		{E1ACF720-CBB6-4193-8AA8-EAA32A920B8A}.Debug|x64.Deploy.0 = Debug|Any CPU
		{E1ACF720-CBB6-4193-8AA8-EAA32A920B8A}.Debug|x86.ActiveCfg = Debug|Any CPU
		{E1ACF720-CBB6-4193-8AA8-EAA32A920B8A}.Debug|x86.Build.0 = Debug|Any CPU
		{E1ACF720-CBB6-4193-8AA8-EAA32A920B8A}.Debug|x86.Deploy.0 = Debug|Any CPU
		{E1ACF720-CBB6-4193-8AA8-EAA32A920B8A}.Release|Any CPU.ActiveCfg = Release|Any CPU
		{E1ACF720-CBB6-4193-8AA8-EAA32A920B8A}.Release|Any CPU.Build.0 = Release|Any CPU
		{E1ACF720-CBB6-4193-8AA8-EAA32A920B8A}.Release|Any CPU.Deploy.0 = Release|Any CPU
		{E1ACF720-CBB6-4193-8AA8-EAA32A920B8A}.Release|ARM.ActiveCfg = Release|Any CPU
		{E1ACF720-CBB6-4193-8AA8-EAA32A920B8A}.Release|ARM.Build.0 = Release|Any CPU
		{E1ACF720-CBB6-4193-8AA8-EAA32A920B8A}.Release|ARM.Deploy.0 = Release|Any CPU
		{E1ACF720-CBB6-4193-8AA8-EAA32A920B8A}.Release|x64.ActiveCfg = Release|Any CPU
		{E1ACF720-CBB6-4193-8AA8-EAA32A920B8A}.Release|x64.Build.0 = Release|Any CPU
		{E1ACF720-CBB6-4193-8AA8-EAA32A920B8A}.Release|x64.Deploy.0 = Release|Any CPU
		{E1ACF720-CBB6-4193-8AA8-EAA32A920B8A}.Release|x86.ActiveCfg = Release|Any CPU
		{E1ACF720-CBB6-4193-8AA8-EAA32A920B8A}.Release|x86.Build.0 = Release|Any CPU
		{E1ACF720-CBB6-4193-8AA8-EAA32A920B8A}.Release|x86.Deploy.0 = Release|Any CPU
	EndGlobalSection
	GlobalSection(SolutionProperties) = preSolution
		HideSolutionNode = FALSE
	EndGlobalSection
	GlobalSection(NestedProjects) = preSolution
		{D1ECB169-BB57-4751-AECA-415E078E5996} = {38C873E2-88C6-435A-89B3-A3EBD5D4D171}
		{786B1846-C0A1-46D8-8E17-47CF5CBB0D0D} = {38C873E2-88C6-435A-89B3-A3EBD5D4D171}
		{3D7B87C7-B00C-4691-9BBD-F5836011345A} = {38C873E2-88C6-435A-89B3-A3EBD5D4D171}
		{0413E49E-9396-4A37-8222-3636285B13A4} = {2CE66F97-5B89-401D-AEE5-BF2228760097}
		{D906ABE6-13F2-4AB0-BDE2-E63F77CF54E9} = {2CE66F97-5B89-401D-AEE5-BF2228760097}
		{70DD4C39-7D1D-4DD3-87D5-059842A27C20} = {2CE66F97-5B89-401D-AEE5-BF2228760097}
		{572734F9-E631-44AB-91F0-54735B50D91B} = {38C873E2-88C6-435A-89B3-A3EBD5D4D171}
		{ED598E91-6D8E-4132-A73D-A1A9A402F395} = {38C873E2-88C6-435A-89B3-A3EBD5D4D171}
		{7A9B69CB-8ABF-4474-A85A-11D5D9F3D005} = {38C873E2-88C6-435A-89B3-A3EBD5D4D171}
		{B067DD13-E17B-45CC-8B35-D34A1876E0FE} = {38C873E2-88C6-435A-89B3-A3EBD5D4D171}
		{974DB7C5-CE2D-4232-B781-CFCBB1F7784F} = {38C873E2-88C6-435A-89B3-A3EBD5D4D171}
		{9D8726CC-AC22-4597-90DB-A2809E22500C} = {38C873E2-88C6-435A-89B3-A3EBD5D4D171}
		{E1ACF720-CBB6-4193-8AA8-EAA32A920B8A} = {2CE66F97-5B89-401D-AEE5-BF2228760097}
		{89AF82F5-824B-4EA5-ACD9-8E7974BADDC4} = {38C873E2-88C6-435A-89B3-A3EBD5D4D171}
		{5BD04793-B538-448D-BC23-886198037B74} = {38C873E2-88C6-435A-89B3-A3EBD5D4D171}
	EndGlobalSection
	GlobalSection(ExtensibilityGlobals) = postSolution
		SolutionGuid = {3E79495C-F7F4-477F-BDCB-6260ECFD8B4E}
	EndGlobalSection
EndGlobal
