
Microsoft Visual Studio Solution File, Format Version 12.00
# Visual Studio Version 17
VisualStudioVersion = 17.0.31903.59
MinimumVisualStudioVersion = 10.0.40219.1
Project("{9A19103F-16F7-4668-BE54-9A1E7A4F7556}") = "ShellCommands", "ShellCommands\ShellCommands.csproj", "{65BC7501-9CEB-4F17-9A17-36847E48FEE0}"
EndProject
Project("{FAE04EC0-301F-11D3-BF4B-00C04F79EFBC}") = "AntimalwareScanning", "AntimalwareScanning\AntimalwareScanning.csproj", "{EA5D765B-908E-4FB7-9533-AB45447E9D7C}"
EndProject
Global
	GlobalSection(SolutionConfigurationPlatforms) = preSolution
		Debug|Any CPU = Debug|Any CPU
		Release|Any CPU = Release|Any CPU
	EndGlobalSection
	GlobalSection(ProjectConfigurationPlatforms) = postSolution
		{65BC7501-9CEB-4F17-9A17-36847E48FEE0}.Debug|Any CPU.ActiveCfg = Debug|Any CPU
		{65BC7501-9CEB-4F17-9A17-36847E48FEE0}.Debug|Any CPU.Build.0 = Debug|Any CPU
		{65BC7501-9CEB-4F17-9A17-36847E48FEE0}.Release|Any CPU.ActiveCfg = Release|Any CPU
		{65BC7501-9CEB-4F17-9A17-36847E48FEE0}.Release|Any CPU.Build.0 = Release|Any CPU
		{EA5D765B-908E-4FB7-9533-AB45447E9D7C}.Debug|Any CPU.ActiveCfg = Debug|Any CPU
		{EA5D765B-908E-4FB7-9533-AB45447E9D7C}.Debug|Any CPU.Build.0 = Debug|Any CPU
		{EA5D765B-908E-4FB7-9533-AB45447E9D7C}.Release|Any CPU.ActiveCfg = Release|Any CPU
		{EA5D765B-908E-4FB7-9533-AB45447E9D7C}.Release|Any CPU.Build.0 = Release|Any CPU
	EndGlobalSection
	GlobalSection(SolutionProperties) = preSolution
		HideSolutionNode = FALSE
	EndGlobalSection
	GlobalSection(ExtensibilityGlobals) = postSolution
		SolutionGuid = {98D42F82-8DDB-4F5F-8C7E-1CAED6E01158}
	EndGlobalSection
EndGlobal
