
Microsoft Visual Studio Solution File, Format Version 12.00
# Visual Studio 15
VisualStudioVersion = 15.0.26730.3
MinimumVisualStudioVersion = 10.0.40219.1
Project("{FAE04EC0-301F-11D3-BF4B-00C04F79EFBC}") = "PowerShellCore Module", "PowerShellCore Module\PowerShellCore Module.csproj", "{0A22DD48-531B-49CA-B844-CC23D31E4709}"
EndProject
Global
	GlobalSection(SolutionConfigurationPlatforms) = preSolution
		Debug|Any CPU = Debug|Any CPU
		Release|Any CPU = Release|Any CPU
	EndGlobalSection
	GlobalSection(ProjectConfigurationPlatforms) = postSolution
		{0A22DD48-531B-49CA-B844-CC23D31E4709}.Debug|Any CPU.ActiveCfg = Debug|Any CPU
		{0A22DD48-531B-49CA-B844-CC23D31E4709}.Debug|Any CPU.Build.0 = Debug|Any CPU
		{0A22DD48-531B-49CA-B844-CC23D31E4709}.Release|Any CPU.ActiveCfg = Release|Any CPU
		{0A22DD48-531B-49CA-B844-CC23D31E4709}.Release|Any CPU.Build.0 = Release|Any CPU
	EndGlobalSection
	GlobalSection(SolutionProperties) = preSolution
		HideSolutionNode = FALSE
	EndGlobalSection
	GlobalSection(ExtensibilityGlobals) = postSolution
		SolutionGuid = {56D5E204-B7C6-4E9E-9734-2AF613E2114C}
	EndGlobalSection
EndGlobal
