
Microsoft Visual Studio Solution File, Format Version 12.00
# Visual Studio 15
VisualStudioVersion = 15.0.26430.15
MinimumVisualStudioVersion = 10.0.40219.1
Project("{FAE04EC0-301F-11D3-BF4B-00C04F79EFBC}") = "PowerShell Module", "PowerShell Module\PowerShell Module.csproj", "{FDF0C58F-9DA2-4CA5-8D70-34EFDC465086}"
EndProject
Project("{FAE04EC0-301F-11D3-BF4B-00C04F79EFBC}") = "PowerShell Module UI", "PowerShell Module UI\PowerShell Module UI.csproj", "{715BFEC6-8E95-494A-80FE-5BE33CA47535}"
EndProject
Global
	GlobalSection(SolutionConfigurationPlatforms) = preSolution
		Debug|Any CPU = Debug|Any CPU
		Release|Any CPU = Release|Any CPU
	EndGlobalSection
	GlobalSection(ProjectConfigurationPlatforms) = postSolution
		{FDF0C58F-9DA2-4CA5-8D70-34EFDC465086}.Debug|Any CPU.ActiveCfg = Debug|Any CPU
		{FDF0C58F-9DA2-4CA5-8D70-34EFDC465086}.Debug|Any CPU.Build.0 = Debug|Any CPU
		{FDF0C58F-9DA2-4CA5-8D70-34EFDC465086}.Release|Any CPU.ActiveCfg = Release|Any CPU
		{FDF0C58F-9DA2-4CA5-8D70-34EFDC465086}.Release|Any CPU.Build.0 = Release|Any CPU
		{715BFEC6-8E95-494A-80FE-5BE33CA47535}.Debug|Any CPU.ActiveCfg = Debug|Any CPU
		{715BFEC6-8E95-494A-80FE-5BE33CA47535}.Debug|Any CPU.Build.0 = Debug|Any CPU
		{715BFEC6-8E95-494A-80FE-5BE33CA47535}.Release|Any CPU.ActiveCfg = Release|Any CPU
		{715BFEC6-8E95-494A-80FE-5BE33CA47535}.Release|Any CPU.Build.0 = Release|Any CPU
	EndGlobalSection
	GlobalSection(SolutionProperties) = preSolution
		HideSolutionNode = FALSE
	EndGlobalSection
EndGlobal
