
Microsoft Visual Studio Solution File, Format Version 12.00
# Visual Studio 15
VisualStudioVersion = 15.0.26403.7
MinimumVisualStudioVersion = 10.0.40219.1
Project("{9A19103F-16F7-4668-BE54-9A1E7A4F7556}") = "Web Service", "Web Service\Web Service.csproj", "{B1A7ED4B-477F-4DC8-B129-7E125638E3DD}"
EndProject
Project("{9A19103F-16F7-4668-BE54-9A1E7A4F7556}") = "Console Client", "Console Client\Console Client.csproj", "{C218951B-1C79-45A7-9179-5A294423764C}"
EndProject
Project("{9A19103F-16F7-4668-BE54-9A1E7A4F7556}") = "Common Models", "Common Models\Common Models.csproj", "{F7ABBC8E-8592-4F0B-B9C6-344F2241189E}"
EndProject
Global
	GlobalSection(SolutionConfigurationPlatforms) = preSolution
		Debug|Any CPU = Debug|Any CPU
		Release|Any CPU = Release|Any CPU
	EndGlobalSection
	GlobalSection(ProjectConfigurationPlatforms) = postSolution
		{B1A7ED4B-477F-4DC8-B129-7E125638E3DD}.Debug|Any CPU.ActiveCfg = Debug|Any CPU
		{B1A7ED4B-477F-4DC8-B129-7E125638E3DD}.Debug|Any CPU.Build.0 = Debug|Any CPU
		{B1A7ED4B-477F-4DC8-B129-7E125638E3DD}.Release|Any CPU.ActiveCfg = Release|Any CPU
		{B1A7ED4B-477F-4DC8-B129-7E125638E3DD}.Release|Any CPU.Build.0 = Release|Any CPU
		{C218951B-1C79-45A7-9179-5A294423764C}.Debug|Any CPU.ActiveCfg = Debug|Any CPU
		{C218951B-1C79-45A7-9179-5A294423764C}.Debug|Any CPU.Build.0 = Debug|Any CPU
		{C218951B-1C79-45A7-9179-5A294423764C}.Release|Any CPU.ActiveCfg = Release|Any CPU
		{C218951B-1C79-45A7-9179-5A294423764C}.Release|Any CPU.Build.0 = Release|Any CPU
		{F7ABBC8E-8592-4F0B-B9C6-344F2241189E}.Debug|Any CPU.ActiveCfg = Debug|Any CPU
		{F7ABBC8E-8592-4F0B-B9C6-344F2241189E}.Debug|Any CPU.Build.0 = Debug|Any CPU
		{F7ABBC8E-8592-4F0B-B9C6-344F2241189E}.Release|Any CPU.ActiveCfg = Release|Any CPU
		{F7ABBC8E-8592-4F0B-B9C6-344F2241189E}.Release|Any CPU.Build.0 = Release|Any CPU
	EndGlobalSection
	GlobalSection(SolutionProperties) = preSolution
		HideSolutionNode = FALSE
	EndGlobalSection
EndGlobal
